
Microsoft Visual Studio Solution File, Format Version 12.00
# Visual Studio Version 17
VisualStudioVersion = 17.5.33627.172
MinimumVisualStudioVersion = 10.0.40219.1
Project("{9A19103F-16F7-4668-BE54-9A1E7A4F7556}") = "RfmUsb.Net", "RfmUsb.Net\RfmUsb.Net.csproj", "{140B62B4-6E25-4DD1-809C-85076DB24A2B}"
EndProject
Project("{9A19103F-16F7-4668-BE54-9A1E7A4F7556}") = "RfmUsb.Net.UnitTests", "RfmUsb.Net.UnitTests\RfmUsb.Net.UnitTests.csproj", "{26C59642-E38B-4585-9D90-0316E117E1F3}"
EndProject
Project("{2150E333-8FDC-42A3-9474-1A3956D46DE8}") = "Solution Items", "Solution Items", "{C8DAA326-BF9C-4349-8D5E-E7661C692D4B}"
	ProjectSection(SolutionItems) = preProject
		azure-pipelines.yml = azure-pipelines.yml
		README.md = README.md
	EndProjectSection
EndProject
Project("{FAE04EC0-301F-11D3-BF4B-00C04F79EFBC}") = "RfmUsb.Net.IntTests", "RfmUsb.Net.IntTests\RfmUsb.Net.IntTests.csproj", "{5FB7C18E-63C2-42FC-957E-7680B2597AEA}"
EndProject
Global
	GlobalSection(SolutionConfigurationPlatforms) = preSolution
		Debug|Any CPU = Debug|Any CPU
		Release|Any CPU = Release|Any CPU
	EndGlobalSection
	GlobalSection(ProjectConfigurationPlatforms) = postSolution
		{140B62B4-6E25-4DD1-809C-85076DB24A2B}.Debug|Any CPU.ActiveCfg = Debug|Any CPU
		{140B62B4-6E25-4DD1-809C-85076DB24A2B}.Debug|Any CPU.Build.0 = Debug|Any CPU
		{140B62B4-6E25-4DD1-809C-85076DB24A2B}.Release|Any CPU.ActiveCfg = Release|Any CPU
		{140B62B4-6E25-4DD1-809C-85076DB24A2B}.Release|Any CPU.Build.0 = Release|Any CPU
		{26C59642-E38B-4585-9D90-0316E117E1F3}.Debug|Any CPU.ActiveCfg = Debug|Any CPU
		{26C59642-E38B-4585-9D90-0316E117E1F3}.Debug|Any CPU.Build.0 = Debug|Any CPU
		{26C59642-E38B-4585-9D90-0316E117E1F3}.Release|Any CPU.ActiveCfg = Release|Any CPU
		{26C59642-E38B-4585-9D90-0316E117E1F3}.Release|Any CPU.Build.0 = Release|Any CPU
		{5FB7C18E-63C2-42FC-957E-7680B2597AEA}.Debug|Any CPU.ActiveCfg = Debug|Any CPU
		{5FB7C18E-63C2-42FC-957E-7680B2597AEA}.Debug|Any CPU.Build.0 = Debug|Any CPU
		{5FB7C18E-63C2-42FC-957E-7680B2597AEA}.Release|Any CPU.ActiveCfg = Release|Any CPU
		{5FB7C18E-63C2-42FC-957E-7680B2597AEA}.Release|Any CPU.Build.0 = Release|Any CPU
	EndGlobalSection
	GlobalSection(SolutionProperties) = preSolution
		HideSolutionNode = FALSE
	EndGlobalSection
	GlobalSection(ExtensibilityGlobals) = postSolution
		SolutionGuid = {85920011-C07F-4C2A-91D6-448B438A8589}
	EndGlobalSection
EndGlobal
